
Microsoft Visual Studio Solution File, Format Version 12.00
# Visual Studio Version 16
VisualStudioVersion = 16.0.30503.244
MinimumVisualStudioVersion = 10.0.40219.1
Project("{8BC9CEB8-8B4A-11D0-8D11-00A0C91BC942}") = "ConsoleApplication1", "ConsoleApplication1\ConsoleApplication1.vcxproj", "{8AF82A42-5ECA-421A-AF91-D7F34A14861C}"
EndProject
Global
	GlobalSection(SolutionConfigurationPlatforms) = preSolution
		Debug|x64 = Debug|x64
		Debug|x86 = Debug|x86
		Release|x64 = Release|x64
		Release|x86 = Release|x86
	EndGlobalSection
	GlobalSection(ProjectConfigurationPlatforms) = postSolution
		{8AF82A42-5ECA-421A-AF91-D7F34A14861C}.Debug|x64.ActiveCfg = Debug|x64
		{8AF82A42-5ECA-421A-AF91-D7F34A14861C}.Debug|x64.Build.0 = Debug|x64
		{8AF82A42-5ECA-421A-AF91-D7F34A14861C}.Debug|x86.ActiveCfg = Debug|Win32
		{8AF82A42-5ECA-421A-AF91-D7F34A14861C}.Debug|x86.Build.0 = Debug|Win32
		{8AF82A42-5ECA-421A-AF91-D7F34A14861C}.Release|x64.ActiveCfg = Release|x64
		{8AF82A42-5ECA-421A-AF91-D7F34A14861C}.Release|x64.Build.0 = Release|x64
		{8AF82A42-5ECA-421A-AF91-D7F34A14861C}.Release|x86.ActiveCfg = Release|Win32
		{8AF82A42-5ECA-421A-AF91-D7F34A14861C}.Release|x86.Build.0 = Release|Win32
	EndGlobalSection
	GlobalSection(SolutionProperties) = preSolution
		HideSolutionNode = FALSE
	EndGlobalSection
	GlobalSection(ExtensibilityGlobals) = postSolution
		SolutionGuid = {75490D2D-E6E1-42F9-9532-45A98E36AA67}
	EndGlobalSection
EndGlobal
